{
  "name": "@joeylin01/lib-info",
  "version": "1.0.1",
  "lockfileVersion": 2,
  "requires": true,
  "packages": {
    "": {
      "name": "@joeylin01/lib-info",
      "version": "1.0.1",
      "license": "ISC",
      "dependencies": {
        "@joeylin01/lib-info": "^1.0.1"
      }
    },
    "node_modules/@joeylin01/lib-info": {
      "version": "1.0.1",
      "resolved": "https://npm.pkg.github.com/download/@joeylin01/lib-info/1.0.1/85ae37f13248c13e04f8be57ce7538bc10e1a205cf12c236e969bc3f4fa4aebc",
      "integrity": "sha512-fkwwYaaPsrEDEj5Seq5Zl6trvrcZpvGekcw2lMlwwUIF6tbRQV5FKyhWsLmaryg2RjAQ58HP3k178lhbLtcEBQ==",
      "license": "ISC",
      "dependencies": {
        "@joeylin01/lib-info": "^1.0.0"
      }
    }
  },
  "dependencies": {
    "@joeylin01/lib-info": {
      "version": "1.0.1",
      "resolved": "https://npm.pkg.github.com/download/@joeylin01/lib-info/1.0.1/85ae37f13248c13e04f8be57ce7538bc10e1a205cf12c236e969bc3f4fa4aebc",
      "integrity": "sha512-fkwwYaaPsrEDEj5Seq5Zl6trvrcZpvGekcw2lMlwwUIF6tbRQV5FKyhWsLmaryg2RjAQ58HP3k178lhbLtcEBQ==",
      "requires": {
        "@joeylin01/lib-info": "^1.0.0"
      }
    }
  }
}
